
Microsoft Visual Studio Solution File, Format Version 12.00
# Visual Studio Version 17
VisualStudioVersion = 17.14.36301.6
MinimumVisualStudioVersion = 10.0.40219.1
Project("{FAE04EC0-301F-11D3-BF4B-00C04F79EFBC}") = "Calculator", "Calculator\Calculator.csproj", "{BA48C7FC-7D4D-4054-9827-0F3DE612809D}"
EndProject
Project("{FAE04EC0-301F-11D3-BF4B-00C04F79EFBC}") = "Calculator.Test", "Calculator.Test\Calculator.Test.csproj", "{900BF448-7F2D-45F8-8950-D17AB5303D4A}"
EndProject
Project("{2150E333-8FDC-42A3-9474-1A3956D46DE8}") = "Solution Items", "Solution Items", "{8EC462FD-D22E-90A8-E5CE-7E832BA40C5D}"
	ProjectSection(SolutionItems) = preProject
		..\RestaurantBookingApp\.gitignore = ..\RestaurantBookingApp\.gitignore
	EndProjectSection
EndProject
Global
	GlobalSection(SolutionConfigurationPlatforms) = preSolution
		Debug|Any CPU = Debug|Any CPU
		Release|Any CPU = Release|Any CPU
	EndGlobalSection
	GlobalSection(ProjectConfigurationPlatforms) = postSolution
		{BA48C7FC-7D4D-4054-9827-0F3DE612809D}.Debug|Any CPU.ActiveCfg = Debug|Any CPU
		{BA48C7FC-7D4D-4054-9827-0F3DE612809D}.Debug|Any CPU.Build.0 = Debug|Any CPU
		{BA48C7FC-7D4D-4054-9827-0F3DE612809D}.Release|Any CPU.ActiveCfg = Release|Any CPU
		{BA48C7FC-7D4D-4054-9827-0F3DE612809D}.Release|Any CPU.Build.0 = Release|Any CPU
		{900BF448-7F2D-45F8-8950-D17AB5303D4A}.Debug|Any CPU.ActiveCfg = Debug|Any CPU
		{900BF448-7F2D-45F8-8950-D17AB5303D4A}.Debug|Any CPU.Build.0 = Debug|Any CPU
		{900BF448-7F2D-45F8-8950-D17AB5303D4A}.Release|Any CPU.ActiveCfg = Release|Any CPU
		{900BF448-7F2D-45F8-8950-D17AB5303D4A}.Release|Any CPU.Build.0 = Release|Any CPU
	EndGlobalSection
	GlobalSection(SolutionProperties) = preSolution
		HideSolutionNode = FALSE
	EndGlobalSection
	GlobalSection(ExtensibilityGlobals) = postSolution
		SolutionGuid = {B673DA6C-7DD3-4FEC-9323-A68814F70C20}
	EndGlobalSection
EndGlobal
